{
  "name": "gatsby-source-workable",
  "version": "1.1.1",
  "lockfileVersion": 1,
  "requires": true,
  "dependencies": {
    "axios-rate-limit": {
      "version": "1.2.1",
      "resolved": "https://registry.npmjs.org/axios-rate-limit/-/axios-rate-limit-1.2.1.tgz",
      "integrity": "sha512-SBhBSDkqhimykrQf39KQ6aoXJC4kEvVhz9N2FIk0rdzZpP9PubvR9AyXzvUnTPAMj863LJKKywHrPfDpeZ0WLQ=="
    }
  }
}
